// !$*UTF8*$!
{
	archiveVersion = 1;
	classes = {
	};
	objectVersion = 46;
	objects = {

/* Begin PBXBuildFile section */
		9C34AECE19977B0100428E55 /* LICENSE in Resources */ = {isa = PBXBuildFile; fileRef = 9C34AECB19977B0100428E55 /* LICENSE */; };
		9C34AECF19977B0100428E55 /* OAuth+Additions.swift in Sources */ = {isa = PBXBuildFile; fileRef = 9C34AECC19977B0100428E55 /* OAuth+Additions.swift */; };
		9C34AED019977B0100428E55 /* OAuthCore.swift in Sources */ = {isa = PBXBuildFile; fileRef = 9C34AECD19977B0100428E55 /* OAuthCore.swift */; };
		B563EFFE198D7879000F3CD7 /* AppDelegate.swift in Sources */ = {isa = PBXBuildFile; fileRef = B563EFFD198D7879000F3CD7 /* AppDelegate.swift */; };
		B563F001198D7879000F3CD7 /* FastPX.xcdatamodeld in Sources */ = {isa = PBXBuildFile; fileRef = B563EFFF198D7879000F3CD7 /* FastPX.xcdatamodeld */; };
		B563F008198D7879000F3CD7 /* Images.xcassets in Resources */ = {isa = PBXBuildFile; fileRef = B563F007198D7879000F3CD7 /* Images.xcassets */; };
		B563F01E198D7B95000F3CD7 /* Authentication.storyboard in Resources */ = {isa = PBXBuildFile; fileRef = B563F01D198D7B95000F3CD7 /* Authentication.storyboard */; };
		B563F020198D7BB5000F3CD7 /* AuthenticationViewController.swift in Sources */ = {isa = PBXBuildFile; fileRef = B563F01F198D7BB5000F3CD7 /* AuthenticationViewController.swift */; };
		B563F023198D7CE2000F3CD7 /* PopularTimelineViewController.swift in Sources */ = {isa = PBXBuildFile; fileRef = B563F022198D7CE2000F3CD7 /* PopularTimelineViewController.swift */; };
		B563F029198D97B8000F3CD7 /* RestAPI.swift in Sources */ = {isa = PBXBuildFile; fileRef = B563F028198D97B8000F3CD7 /* RestAPI.swift */; };
		B5BC3F3F1991BB2D00C756FA /* FPXKeychainWrapper.m in Sources */ = {isa = PBXBuildFile; fileRef = B5BC3F3E1991BB2D00C756FA /* FPXKeychainWrapper.m */; };
		B5CC7355198DCBE2007A4930 /* AccountManager.swift in Sources */ = {isa = PBXBuildFile; fileRef = B5CC7354198DCBE2007A4930 /* AccountManager.swift */; };
		B5CC7357198DCDF5007A4930 /* Account.swift in Sources */ = {isa = PBXBuildFile; fileRef = B5CC7356198DCDF5007A4930 /* Account.swift */; };
		B5CC7359198DDB01007A4930 /* PhotoStream.swift in Sources */ = {isa = PBXBuildFile; fileRef = B5CC7358198DDB01007A4930 /* PhotoStream.swift */; };
		B5CC735B198DDB2A007A4930 /* Photo.swift in Sources */ = {isa = PBXBuildFile; fileRef = B5CC735A198DDB2A007A4930 /* Photo.swift */; };
		B5E3945A1992DB24000C1E2A /* PhotoStreamViewController.swift in Sources */ = {isa = PBXBuildFile; fileRef = B5E394591992DB24000C1E2A /* PhotoStreamViewController.swift */; };
		B5E3945E1992EAA7000C1E2A /* EditorsTimelineViewController.swift in Sources */ = {isa = PBXBuildFile; fileRef = B5E3945D1992EAA7000C1E2A /* EditorsTimelineViewController.swift */; };
		B5E394601992F166000C1E2A /* SignInAccount.swift in Sources */ = {isa = PBXBuildFile; fileRef = B5E3945F1992F166000C1E2A /* SignInAccount.swift */; };
		B5F7CB6A198DF1B00094E00B /* PhotoStreamEntry.swift in Sources */ = {isa = PBXBuildFile; fileRef = B5F7CB69198DF1B00094E00B /* PhotoStreamEntry.swift */; };
		B5F7CB6D198E17AB0094E00B /* PhotoCellTableViewCell.swift in Sources */ = {isa = PBXBuildFile; fileRef = B5F7CB6C198E17AB0094E00B /* PhotoCellTableViewCell.swift */; };
		B5F7CB72198F37BE0094E00B /* LoggedOutAccount.swift in Sources */ = {isa = PBXBuildFile; fileRef = B5F7CB71198F37BE0094E00B /* LoggedOutAccount.swift */; };
		B5F7CB74198F37FE0094E00B /* AuthenticatedAccount.swift in Sources */ = {isa = PBXBuildFile; fileRef = B5F7CB73198F37FE0094E00B /* AuthenticatedAccount.swift */; };
/* End PBXBuildFile section */

/* Begin PBXFileReference section */
		9C34AECB19977B0100428E55 /* LICENSE */ = {isa = PBXFileReference; fileEncoding = 4; lastKnownFileType = text; name = LICENSE; path = FastPX/Util/OAuthCore/LICENSE; sourceTree = "<group>"; };
		9C34AECC19977B0100428E55 /* OAuth+Additions.swift */ = {isa = PBXFileReference; fileEncoding = 4; lastKnownFileType = sourcecode.swift; name = "OAuth+Additions.swift"; path = "FastPX/Util/OAuthCore/OAuth+Additions.swift"; sourceTree = "<group>"; };
		9C34AECD19977B0100428E55 /* OAuthCore.swift */ = {isa = PBXFileReference; fileEncoding = 4; lastKnownFileType = sourcecode.swift; name = OAuthCore.swift; path = FastPX/Util/OAuthCore/OAuthCore.swift; sourceTree = "<group>"; };
		B563EFF8198D7879000F3CD7 /* FastPX.app */ = {isa = PBXFileReference; explicitFileType = wrapper.application; includeInIndex = 0; path = FastPX.app; sourceTree = BUILT_PRODUCTS_DIR; };
		B563EFFC198D7879000F3CD7 /* Info.plist */ = {isa = PBXFileReference; lastKnownFileType = text.plist.xml; path = Info.plist; sourceTree = "<group>"; };
		B563EFFD198D7879000F3CD7 /* AppDelegate.swift */ = {isa = PBXFileReference; lastKnownFileType = sourcecode.swift; name = AppDelegate.swift; path = Classes/AppDelegate.swift; sourceTree = "<group>"; };
		B563F000198D7879000F3CD7 /* FastPX.xcdatamodel */ = {isa = PBXFileReference; lastKnownFileType = wrapper.xcdatamodel; path = FastPX.xcdatamodel; sourceTree = "<group>"; };
		B563F007198D7879000F3CD7 /* Images.xcassets */ = {isa = PBXFileReference; lastKnownFileType = folder.assetcatalog; path = Images.xcassets; sourceTree = "<group>"; };
		B563F01D198D7B95000F3CD7 /* Authentication.storyboard */ = {isa = PBXFileReference; fileEncoding = 4; lastKnownFileType = file.storyboard; name = Authentication.storyboard; path = Storyboards/Authentication.storyboard; sourceTree = "<group>"; };
		B563F01F198D7BB5000F3CD7 /* AuthenticationViewController.swift */ = {isa = PBXFileReference; fileEncoding = 4; lastKnownFileType = sourcecode.swift; name = AuthenticationViewController.swift; path = Classes/AuthenticationViewController.swift; sourceTree = "<group>"; };
		B563F022198D7CE2000F3CD7 /* PopularTimelineViewController.swift */ = {isa = PBXFileReference; fileEncoding = 4; lastKnownFileType = sourcecode.swift; name = PopularTimelineViewController.swift; path = FastPX/Classes/PopularTimelineViewController.swift; sourceTree = "<group>"; };
		B563F025198D82B5000F3CD7 /* secrets.xcconfig */ = {isa = PBXFileReference; lastKnownFileType = text.xcconfig; name = secrets.xcconfig; path = ../secrets.xcconfig; sourceTree = "<group>"; };
		B563F028198D97B8000F3CD7 /* RestAPI.swift */ = {isa = PBXFileReference; fileEncoding = 4; lastKnownFileType = sourcecode.swift; name = RestAPI.swift; path = FastPX/Classes/RestAPI.swift; sourceTree = "<group>"; };
		B5BC3F3D1991BB2D00C756FA /* FPXKeychainWrapper.h */ = {isa = PBXFileReference; fileEncoding = 4; lastKnownFileType = sourcecode.c.h; name = FPXKeychainWrapper.h; path = FastPX/Classes/FPXKeychainWrapper.h; sourceTree = "<group>"; };
		B5BC3F3E1991BB2D00C756FA /* FPXKeychainWrapper.m */ = {isa = PBXFileReference; fileEncoding = 4; lastKnownFileType = sourcecode.c.objc; name = FPXKeychainWrapper.m; path = FastPX/Classes/FPXKeychainWrapper.m; sourceTree = "<group>"; };
		B5CC7342198DA7CF007A4930 /* FastPX-Bridging-Header.h */ = {isa = PBXFileReference; lastKnownFileType = sourcecode.c.h; name = "FastPX-Bridging-Header.h"; path = "FastPX/FastPX-Bridging-Header.h"; sourceTree = SOURCE_ROOT; };
		B5CC7354198DCBE2007A4930 /* AccountManager.swift */ = {isa = PBXFileReference; fileEncoding = 4; lastKnownFileType = sourcecode.swift; name = AccountManager.swift; path = FastPX/Classes/AccountManager.swift; sourceTree = "<group>"; };
		B5CC7356198DCDF5007A4930 /* Account.swift */ = {isa = PBXFileReference; fileEncoding = 4; lastKnownFileType = sourcecode.swift; name = Account.swift; path = FastPX/Classes/Account.swift; sourceTree = "<group>"; };
		B5CC7358198DDB01007A4930 /* PhotoStream.swift */ = {isa = PBXFileReference; fileEncoding = 4; lastKnownFileType = sourcecode.swift; name = PhotoStream.swift; path = FastPX/Classes/PhotoStream.swift; sourceTree = "<group>"; };
		B5CC735A198DDB2A007A4930 /* Photo.swift */ = {isa = PBXFileReference; fileEncoding = 4; lastKnownFileType = sourcecode.swift; name = Photo.swift; path = FastPX/Classes/Photo.swift; sourceTree = "<group>"; };
		B5E394591992DB24000C1E2A /* PhotoStreamViewController.swift */ = {isa = PBXFileReference; fileEncoding = 4; lastKnownFileType = sourcecode.swift; name = PhotoStreamViewController.swift; path = FastPX/Classes/PhotoStreamViewController.swift; sourceTree = "<group>"; };
		B5E3945D1992EAA7000C1E2A /* EditorsTimelineViewController.swift */ = {isa = PBXFileReference; fileEncoding = 4; lastKnownFileType = sourcecode.swift; name = EditorsTimelineViewController.swift; path = FastPX/Classes/EditorsTimelineViewController.swift; sourceTree = "<group>"; };
		B5E3945F1992F166000C1E2A /* SignInAccount.swift */ = {isa = PBXFileReference; fileEncoding = 4; lastKnownFileType = sourcecode.swift; name = SignInAccount.swift; path = FastPX/Classes/SignInAccount.swift; sourceTree = "<group>"; };
		B5F7CB69198DF1B00094E00B /* PhotoStreamEntry.swift */ = {isa = PBXFileReference; fileEncoding = 4; lastKnownFileType = sourcecode.swift; name = PhotoStreamEntry.swift; path = FastPX/Classes/PhotoStreamEntry.swift; sourceTree = "<group>"; };
		B5F7CB6C198E17AB0094E00B /* PhotoCellTableViewCell.swift */ = {isa = PBXFileReference; fileEncoding = 4; lastKnownFileType = sourcecode.swift; name = PhotoCellTableViewCell.swift; path = FastPX/Classes/PhotoCellTableViewCell.swift; sourceTree = "<group>"; };
		B5F7CB71198F37BE0094E00B /* LoggedOutAccount.swift */ = {isa = PBXFileReference; fileEncoding = 4; lastKnownFileType = sourcecode.swift; name = LoggedOutAccount.swift; path = FastPX/Classes/LoggedOutAccount.swift; sourceTree = "<group>"; };
		B5F7CB73198F37FE0094E00B /* AuthenticatedAccount.swift */ = {isa = PBXFileReference; fileEncoding = 4; lastKnownFileType = sourcecode.swift; name = AuthenticatedAccount.swift; path = FastPX/Classes/AuthenticatedAccount.swift; sourceTree = "<group>"; };
/* End PBXFileReference section */

/* Begin PBXFrameworksBuildPhase section */
		B563EFF5198D7879000F3CD7 /* Frameworks */ = {
			isa = PBXFrameworksBuildPhase;
			buildActionMask = 2147483647;
			files = (
			);
			runOnlyForDeploymentPostprocessing = 0;
		};
/* End PBXFrameworksBuildPhase section */

/* Begin PBXGroup section */
		9C746C8719974393009FD9FD /* OAuthCore */ = {
			isa = PBXGroup;
			children = (
				9C34AECB19977B0100428E55 /* LICENSE */,
				9C34AECC19977B0100428E55 /* OAuth+Additions.swift */,
				9C34AECD19977B0100428E55 /* OAuthCore.swift */,
			);
			name = OAuthCore;
			sourceTree = "<group>";
		};
		B563EFEF198D7879000F3CD7 = {
			isa = PBXGroup;
			children = (
				B5E394561992D591000C1E2A /* Application */,
				B563EFFA198D7879000F3CD7 /* Configuration */,
				B563EFF9198D7879000F3CD7 /* Products */,
			);
			sourceTree = "<group>";
		};
		B563EFF9198D7879000F3CD7 /* Products */ = {
			isa = PBXGroup;
			children = (
				B563EFF8198D7879000F3CD7 /* FastPX.app */,
			);
			name = Products;
			sourceTree = "<group>";
		};
		B563EFFA198D7879000F3CD7 /* Configuration */ = {
			isa = PBXGroup;
			children = (
				B563EFFD198D7879000F3CD7 /* AppDelegate.swift */,
				B563EFFF198D7879000F3CD7 /* FastPX.xcdatamodeld */,
				B563F007198D7879000F3CD7 /* Images.xcassets */,
				B563EFFB198D7879000F3CD7 /* Supporting Files */,
			);
			name = Configuration;
			path = FastPX;
			sourceTree = "<group>";
		};
		B563EFFB198D7879000F3CD7 /* Supporting Files */ = {
			isa = PBXGroup;
			children = (
				B5CC7342198DA7CF007A4930 /* FastPX-Bridging-Header.h */,
				B563F025198D82B5000F3CD7 /* secrets.xcconfig */,
				B563EFFC198D7879000F3CD7 /* Info.plist */,
			);
			name = "Supporting Files";
			sourceTree = "<group>";
		};
		B563F021198D7BD1000F3CD7 /* Authetication */ = {
			isa = PBXGroup;
			children = (
				B563F01D198D7B95000F3CD7 /* Authentication.storyboard */,
				B563F01F198D7BB5000F3CD7 /* AuthenticationViewController.swift */,
			);
			name = Authetication;
			path = FastPX;
			sourceTree = "<group>";
		};
		B563F026198D9767000F3CD7 /* Models */ = {
			isa = PBXGroup;
			children = (
				B5F7CB75198F380A0094E00B /* Accounts */,
				B5E394521992D4EC000C1E2A /* Photos */,
				B5E394531992D505000C1E2A /* RestAPI */,
				B5E394541992D528000C1E2A /* Utilities */,
			);
			name = Models;
			sourceTree = "<group>";
		};
		B5E394521992D4EC000C1E2A /* Photos */ = {
			isa = PBXGroup;
			children = (
				B5CC735A198DDB2A007A4930 /* Photo.swift */,
				B5CC7358198DDB01007A4930 /* PhotoStream.swift */,
				B5F7CB69198DF1B00094E00B /* PhotoStreamEntry.swift */,
			);
			name = Photos;
			sourceTree = "<group>";
		};
		B5E394531992D505000C1E2A /* RestAPI */ = {
			isa = PBXGroup;
			children = (
				B563F028198D97B8000F3CD7 /* RestAPI.swift */,
			);
			name = RestAPI;
			sourceTree = "<group>";
		};
		B5E394541992D528000C1E2A /* Utilities */ = {
			isa = PBXGroup;
			children = (
				B5BC3F3D1991BB2D00C756FA /* FPXKeychainWrapper.h */,
				B5BC3F3E1991BB2D00C756FA /* FPXKeychainWrapper.m */,
				9C746C8719974393009FD9FD /* OAuthCore */,
			);
			name = Utilities;
			sourceTree = "<group>";
		};
		B5E394561992D591000C1E2A /* Application */ = {
			isa = PBXGroup;
			children = (
				B5F7CB6B198E178D0094E00B /* Controllers */,
				B563F026198D9767000F3CD7 /* Models */,
				B5F7CB6E198E17B90094E00B /* Views */,
			);
			name = Application;
			sourceTree = "<group>";
		};
		B5F7CB6B198E178D0094E00B /* Controllers */ = {
			isa = PBXGroup;
			children = (
				B563F021198D7BD1000F3CD7 /* Authetication */,
				B563F022198D7CE2000F3CD7 /* PopularTimelineViewController.swift */,
				B5E394591992DB24000C1E2A /* PhotoStreamViewController.swift */,
				B5E3945D1992EAA7000C1E2A /* EditorsTimelineViewController.swift */,
			);
			name = Controllers;
			sourceTree = "<group>";
		};
		B5F7CB6E198E17B90094E00B /* Views */ = {
			isa = PBXGroup;
			children = (
				B5F7CB6C198E17AB0094E00B /* PhotoCellTableViewCell.swift */,
			);
			name = Views;
			sourceTree = "<group>";
		};
		B5F7CB75198F380A0094E00B /* Accounts */ = {
			isa = PBXGroup;
			children = (
				B5CC7356198DCDF5007A4930 /* Account.swift */,
				B5CC7354198DCBE2007A4930 /* AccountManager.swift */,
				B5F7CB73198F37FE0094E00B /* AuthenticatedAccount.swift */,
				B5F7CB71198F37BE0094E00B /* LoggedOutAccount.swift */,
				B5E3945F1992F166000C1E2A /* SignInAccount.swift */,
			);
			name = Accounts;
			sourceTree = "<group>";
		};
/* End PBXGroup section */

/* Begin PBXNativeTarget section */
		B563EFF7198D7879000F3CD7 /* FastPX */ = {
			isa = PBXNativeTarget;
			buildConfigurationList = B563F017198D7879000F3CD7 /* Build configuration list for PBXNativeTarget "FastPX" */;
			buildPhases = (
				B563EFF4198D7879000F3CD7 /* Sources */,
				B563EFF5198D7879000F3CD7 /* Frameworks */,
				B563EFF6198D7879000F3CD7 /* Resources */,
			);
			buildRules = (
			);
			dependencies = (
			);
			name = FastPX;
			productName = FastPX;
			productReference = B563EFF8198D7879000F3CD7 /* FastPX.app */;
			productType = "com.apple.product-type.application";
		};
/* End PBXNativeTarget section */

/* Begin PBXProject section */
		B563EFF0198D7879000F3CD7 /* Project object */ = {
			isa = PBXProject;
			attributes = {
				LastUpgradeCheck = 0600;
				ORGANIZATIONNAME = Sandofsky;
				TargetAttributes = {
					B563EFF7198D7879000F3CD7 = {
						CreatedOnToolsVersion = 6.0;
					};
				};
			};
			buildConfigurationList = B563EFF3198D7879000F3CD7 /* Build configuration list for PBXProject "FastPX" */;
			compatibilityVersion = "Xcode 3.2";
			developmentRegion = English;
			hasScannedForEncodings = 0;
			knownRegions = (
				en,
				Base,
			);
			mainGroup = B563EFEF198D7879000F3CD7;
			productRefGroup = B563EFF9198D7879000F3CD7 /* Products */;
			projectDirPath = "";
			projectRoot = "";
			targets = (
				B563EFF7198D7879000F3CD7 /* FastPX */,
			);
		};
/* End PBXProject section */

/* Begin PBXResourcesBuildPhase section */
		B563EFF6198D7879000F3CD7 /* Resources */ = {
			isa = PBXResourcesBuildPhase;
			buildActionMask = 2147483647;
			files = (
				9C34AECE19977B0100428E55 /* LICENSE in Resources */,
				B563F01E198D7B95000F3CD7 /* Authentication.storyboard in Resources */,
				B563F008198D7879000F3CD7 /* Images.xcassets in Resources */,
			);
			runOnlyForDeploymentPostprocessing = 0;
		};
/* End PBXResourcesBuildPhase section */

/* Begin PBXSourcesBuildPhase section */
		B563EFF4198D7879000F3CD7 /* Sources */ = {
			isa = PBXSourcesBuildPhase;
			buildActionMask = 2147483647;
			files = (
				9C34AED019977B0100428E55 /* OAuthCore.swift in Sources */,
				B563F020198D7BB5000F3CD7 /* AuthenticationViewController.swift in Sources */,
				B5CC7357198DCDF5007A4930 /* Account.swift in Sources */,
				B563EFFE198D7879000F3CD7 /* AppDelegate.swift in Sources */,
				B563F001198D7879000F3CD7 /* FastPX.xcdatamodeld in Sources */,
				B5F7CB6A198DF1B00094E00B /* PhotoStreamEntry.swift in Sources */,
				B5E3945E1992EAA7000C1E2A /* EditorsTimelineViewController.swift in Sources */,
				B5F7CB74198F37FE0094E00B /* AuthenticatedAccount.swift in Sources */,
				B563F023198D7CE2000F3CD7 /* PopularTimelineViewController.swift in Sources */,
				B5F7CB72198F37BE0094E00B /* LoggedOutAccount.swift in Sources */,
				B5CC735B198DDB2A007A4930 /* Photo.swift in Sources */,
				B5CC7355198DCBE2007A4930 /* AccountManager.swift in Sources */,
				B5E394601992F166000C1E2A /* SignInAccount.swift in Sources */,
				9C34AECF19977B0100428E55 /* OAuth+Additions.swift in Sources */,
				B5E3945A1992DB24000C1E2A /* PhotoStreamViewController.swift in Sources */,
				B5F7CB6D198E17AB0094E00B /* PhotoCellTableViewCell.swift in Sources */,
				B5CC7359198DDB01007A4930 /* PhotoStream.swift in Sources */,
				B563F029198D97B8000F3CD7 /* RestAPI.swift in Sources */,
			);
			runOnlyForDeploymentPostprocessing = 0;
		};
/* End PBXSourcesBuildPhase section */

/* Begin XCBuildConfiguration section */
		B563F015198D7879000F3CD7 /* Debug */ = {
			isa = XCBuildConfiguration;
			baseConfigurationReference = B563F025198D82B5000F3CD7 /* secrets.xcconfig */;
			buildSettings = {
				ALWAYS_SEARCH_USER_PATHS = NO;
				CLANG_CXX_LANGUAGE_STANDARD = "gnu++0x";
				CLANG_CXX_LIBRARY = "libc++";
				CLANG_ENABLE_MODULES = YES;
				CLANG_ENABLE_OBJC_ARC = YES;
				CLANG_WARN_BOOL_CONVERSION = YES;
				CLANG_WARN_CONSTANT_CONVERSION = YES;
				CLANG_WARN_DIRECT_OBJC_ISA_USAGE = YES_ERROR;
				CLANG_WARN_EMPTY_BODY = YES;
				CLANG_WARN_ENUM_CONVERSION = YES;
				CLANG_WARN_INT_CONVERSION = YES;
				CLANG_WARN_OBJC_ROOT_CLASS = YES_ERROR;
				CLANG_WARN_UNREACHABLE_CODE = YES;
				CLANG_WARN__DUPLICATE_METHOD_MATCH = YES;
				"CODE_SIGN_IDENTITY[sdk=iphoneos*]" = "iPhone Developer";
				COPY_PHASE_STRIP = NO;
				ENABLE_STRICT_OBJC_MSGSEND = YES;
				GCC_C_LANGUAGE_STANDARD = gnu99;
				GCC_DYNAMIC_NO_PIC = NO;
				GCC_OPTIMIZATION_LEVEL = 0;
				GCC_PREPROCESSOR_DEFINITIONS = (
					"DEBUG=1",
					"$(inherited)",
				);
				GCC_SYMBOLS_PRIVATE_EXTERN = NO;
				GCC_WARN_64_TO_32_BIT_CONVERSION = YES;
				GCC_WARN_ABOUT_RETURN_TYPE = YES_ERROR;
				GCC_WARN_UNDECLARED_SELECTOR = YES;
				GCC_WARN_UNINITIALIZED_AUTOS = YES_AGGRESSIVE;
				GCC_WARN_UNUSED_FUNCTION = YES;
				GCC_WARN_UNUSED_VARIABLE = YES;
				IPHONEOS_DEPLOYMENT_TARGET = 8.0;
				MTL_ENABLE_DEBUG_INFO = YES;
				ONLY_ACTIVE_ARCH = YES;
				SDKROOT = iphoneos;
				SWIFT_OPTIMIZATION_LEVEL = "-Onone";
				TARGETED_DEVICE_FAMILY = "1,2";
			};
			name = Debug;
		};
		B563F016198D7879000F3CD7 /* Release */ = {
			isa = XCBuildConfiguration;
			baseConfigurationReference = B563F025198D82B5000F3CD7 /* secrets.xcconfig */;
			buildSettings = {
				ALWAYS_SEARCH_USER_PATHS = NO;
				CLANG_CXX_LANGUAGE_STANDARD = "gnu++0x";
				CLANG_CXX_LIBRARY = "libc++";
				CLANG_ENABLE_MODULES = YES;
				CLANG_ENABLE_OBJC_ARC = YES;
				CLANG_WARN_BOOL_CONVERSION = YES;
				CLANG_WARN_CONSTANT_CONVERSION = YES;
				CLANG_WARN_DIRECT_OBJC_ISA_USAGE = YES_ERROR;
				CLANG_WARN_EMPTY_BODY = YES;
				CLANG_WARN_ENUM_CONVERSION = YES;
				CLANG_WARN_INT_CONVERSION = YES;
				CLANG_WARN_OBJC_ROOT_CLASS = YES_ERROR;
				CLANG_WARN_UNREACHABLE_CODE = YES;
				CLANG_WARN__DUPLICATE_METHOD_MATCH = YES;
				"CODE_SIGN_IDENTITY[sdk=iphoneos*]" = "iPhone Developer";
				COPY_PHASE_STRIP = YES;
				ENABLE_NS_ASSERTIONS = NO;
				ENABLE_STRICT_OBJC_MSGSEND = YES;
				GCC_C_LANGUAGE_STANDARD = gnu99;
				GCC_WARN_64_TO_32_BIT_CONVERSION = YES;
				GCC_WARN_ABOUT_RETURN_TYPE = YES_ERROR;
				GCC_WARN_UNDECLARED_SELECTOR = YES;
				GCC_WARN_UNINITIALIZED_AUTOS = YES_AGGRESSIVE;
				GCC_WARN_UNUSED_FUNCTION = YES;
				GCC_WARN_UNUSED_VARIABLE = YES;
				IPHONEOS_DEPLOYMENT_TARGET = 8.0;
				MTL_ENABLE_DEBUG_INFO = NO;
				SDKROOT = iphoneos;
				TARGETED_DEVICE_FAMILY = "1,2";
				VALIDATE_PRODUCT = YES;
			};
			name = Release;
		};
		B563F018198D7879000F3CD7 /* Debug */ = {
			isa = XCBuildConfiguration;
			buildSettings = {
				ASSETCATALOG_COMPILER_APPICON_NAME = AppIcon;
				ASSETCATALOG_COMPILER_LAUNCHIMAGE_NAME = LaunchImage;
				CLANG_ENABLE_MODULES = YES;
				HEADER_SEARCH_PATHS = (
					"$(inherited)",
					"/Applications/Xcode6-Beta4.app/Contents/Developer/Toolchains/XcodeDefault.xctoolchain/usr/include",
					"$(SRCROOT)/**",
				);
				INFOPLIST_FILE = FastPX/Info.plist;
				LD_RUNPATH_SEARCH_PATHS = "$(inherited) @executable_path/Frameworks";
				OTHER_LDFLAGS = "-ObjC";
				PRODUCT_NAME = "$(TARGET_NAME)";
				SWIFT_OBJC_BRIDGING_HEADER = "FastPX/FastPX-Bridging-Header.h";
				SWIFT_OPTIMIZATION_LEVEL = "-Onone";
			};
			name = Debug;
		};
		B563F019198D7879000F3CD7 /* Release */ = {
			isa = XCBuildConfiguration;
			buildSettings = {
				ASSETCATALOG_COMPILER_APPICON_NAME = AppIcon;
				ASSETCATALOG_COMPILER_LAUNCHIMAGE_NAME = LaunchImage;
				CLANG_ENABLE_MODULES = YES;
				HEADER_SEARCH_PATHS = (
					"$(inherited)",
					"/Applications/Xcode6-Beta4.app/Contents/Developer/Toolchains/XcodeDefault.xctoolchain/usr/include",
					"$(SRCROOT)/**",
				);
				INFOPLIST_FILE = FastPX/Info.plist;
				LD_RUNPATH_SEARCH_PATHS = "$(inherited) @executable_path/Frameworks";
				OTHER_LDFLAGS = "-ObjC";
				PRODUCT_NAME = "$(TARGET_NAME)";
				SWIFT_OBJC_BRIDGING_HEADER = "FastPX/FastPX-Bridging-Header.h";
			};
			name = Release;
		};
/* End XCBuildConfiguration section */

/* Begin XCConfigurationList section */
		B563EFF3198D7879000F3CD7 /* Build configuration list for PBXProject "FastPX" */ = {
			isa = XCConfigurationList;
			buildConfigurations = (
				B563F015198D7879000F3CD7 /* Debug */,
				B563F016198D7879000F3CD7 /* Release */,
			);
			defaultConfigurationIsVisible = 0;
			defaultConfigurationName = Release;
		};
		B563F017198D7879000F3CD7 /* Build configuration list for PBXNativeTarget "FastPX" */ = {
			isa = XCConfigurationList;
			buildConfigurations = (
				B563F018198D7879000F3CD7 /* Debug */,
				B563F019198D7879000F3CD7 /* Release */,
			);
			defaultConfigurationIsVisible = 0;
			defaultConfigurationName = Release;
		};
/* End XCConfigurationList section */

/* Begin XCVersionGroup section */
		B563EFFF198D7879000F3CD7 /* FastPX.xcdatamodeld */ = {
			isa = XCVersionGroup;
			children = (
				B563F000198D7879000F3CD7 /* FastPX.xcdatamodel */,
			);
			currentVersion = B563F000198D7879000F3CD7 /* FastPX.xcdatamodel */;
			path = FastPX.xcdatamodeld;
			sourceTree = "<group>";
			versionGroupType = wrapper.xcdatamodel;
		};
/* End XCVersionGroup section */
	};
	rootObject = B563EFF0198D7879000F3CD7 /* Project object */;
}
